
Microsoft Visual Studio Solution File, Format Version 11.00
# Visual C# Express 2010
Project("{FAE04EC0-301F-11D3-BF4B-00C04F79EFBC}") = "PacketEditor", "PacketEditor\PacketEditor.csproj", "{49F224A8-5472-48F7-8A5E-D2FE1D0E687B}"
EndProject
Global
	GlobalSection(SolutionConfigurationPlatforms) = preSolution
		Debug|x86 = Debug|x86
		Release|x86 = Release|x86
	EndGlobalSection
	GlobalSection(ProjectConfigurationPlatforms) = postSolution
		{49F224A8-5472-48F7-8A5E-D2FE1D0E687B}.Debug|x86.ActiveCfg = Debug|x86
		{49F224A8-5472-48F7-8A5E-D2FE1D0E687B}.Debug|x86.Build.0 = Debug|x86
		{49F224A8-5472-48F7-8A5E-D2FE1D0E687B}.Release|x86.ActiveCfg = Release|x86
		{49F224A8-5472-48F7-8A5E-D2FE1D0E687B}.Release|x86.Build.0 = Release|x86
	EndGlobalSection
	GlobalSection(SolutionProperties) = preSolution
		HideSolutionNode = FALSE
	EndGlobalSection
EndGlobal
